
Microsoft Visual Studio Solution File, Format Version 12.00
# Visual Studio Version 17
VisualStudioVersion = 17.9.34622.214
MinimumVisualStudioVersion = 10.0.40219.1
Project("{9A19103F-16F7-4668-BE54-9A1E7A4F7556}") = "FileStorage.WebApp", "FileStorage.WebApp\FileStorage.WebApp.csproj", "{AA56A635-4747-4F63-9D32-84A244CA35DC}"
EndProject
Project("{2150E333-8FDC-42A3-9474-1A3956D46DE8}") = "src", "src", "{A85DE0A5-9F1E-45D4-8166-7DB35CA18EFC}"
EndProject
Project("{2150E333-8FDC-42A3-9474-1A3956D46DE8}") = "tests", "tests", "{90F28518-B2B0-4F2D-B6F0-EA49B9EAC18D}"
EndProject
Project("{9A19103F-16F7-4668-BE54-9A1E7A4F7556}") = "FileStorage.BlobFunction", "FileStorage.BlobFunction\FileStorage.BlobFunction.csproj", "{41CF5477-1F39-4895-8172-7098EFB6D041}"
EndProject
Project("{9A19103F-16F7-4668-BE54-9A1E7A4F7556}") = "FileStorage.WebApp.Tests", "FileStorage.WebApp.Tests\FileStorage.WebApp.Tests.csproj", "{7B2FFF43-2C52-4FAD-AD54-7EEBDE0E1484}"
EndProject
Project("{9A19103F-16F7-4668-BE54-9A1E7A4F7556}") = "FileStorage.BlobFunction.Tests", "FileStorage.BlobFunction.Tests\FileStorage.BlobFunction.Tests.csproj", "{9381CE3F-9CAC-4D61-885A-9BDD783902C1}"
EndProject
Global
	GlobalSection(SolutionConfigurationPlatforms) = preSolution
		Debug|Any CPU = Debug|Any CPU
		Release|Any CPU = Release|Any CPU
	EndGlobalSection
	GlobalSection(ProjectConfigurationPlatforms) = postSolution
		{AA56A635-4747-4F63-9D32-84A244CA35DC}.Debug|Any CPU.ActiveCfg = Debug|Any CPU
		{AA56A635-4747-4F63-9D32-84A244CA35DC}.Debug|Any CPU.Build.0 = Debug|Any CPU
		{AA56A635-4747-4F63-9D32-84A244CA35DC}.Release|Any CPU.ActiveCfg = Release|Any CPU
		{AA56A635-4747-4F63-9D32-84A244CA35DC}.Release|Any CPU.Build.0 = Release|Any CPU
		{41CF5477-1F39-4895-8172-7098EFB6D041}.Debug|Any CPU.ActiveCfg = Debug|Any CPU
		{41CF5477-1F39-4895-8172-7098EFB6D041}.Debug|Any CPU.Build.0 = Debug|Any CPU
		{41CF5477-1F39-4895-8172-7098EFB6D041}.Release|Any CPU.ActiveCfg = Release|Any CPU
		{41CF5477-1F39-4895-8172-7098EFB6D041}.Release|Any CPU.Build.0 = Release|Any CPU
		{7B2FFF43-2C52-4FAD-AD54-7EEBDE0E1484}.Debug|Any CPU.ActiveCfg = Debug|Any CPU
		{7B2FFF43-2C52-4FAD-AD54-7EEBDE0E1484}.Debug|Any CPU.Build.0 = Debug|Any CPU
		{7B2FFF43-2C52-4FAD-AD54-7EEBDE0E1484}.Release|Any CPU.ActiveCfg = Release|Any CPU
		{7B2FFF43-2C52-4FAD-AD54-7EEBDE0E1484}.Release|Any CPU.Build.0 = Release|Any CPU
		{9381CE3F-9CAC-4D61-885A-9BDD783902C1}.Debug|Any CPU.ActiveCfg = Debug|Any CPU
		{9381CE3F-9CAC-4D61-885A-9BDD783902C1}.Debug|Any CPU.Build.0 = Debug|Any CPU
		{9381CE3F-9CAC-4D61-885A-9BDD783902C1}.Release|Any CPU.ActiveCfg = Release|Any CPU
		{9381CE3F-9CAC-4D61-885A-9BDD783902C1}.Release|Any CPU.Build.0 = Release|Any CPU
	EndGlobalSection
	GlobalSection(SolutionProperties) = preSolution
		HideSolutionNode = FALSE
	EndGlobalSection
	GlobalSection(NestedProjects) = preSolution
		{AA56A635-4747-4F63-9D32-84A244CA35DC} = {A85DE0A5-9F1E-45D4-8166-7DB35CA18EFC}
		{41CF5477-1F39-4895-8172-7098EFB6D041} = {A85DE0A5-9F1E-45D4-8166-7DB35CA18EFC}
		{7B2FFF43-2C52-4FAD-AD54-7EEBDE0E1484} = {90F28518-B2B0-4F2D-B6F0-EA49B9EAC18D}
		{9381CE3F-9CAC-4D61-885A-9BDD783902C1} = {90F28518-B2B0-4F2D-B6F0-EA49B9EAC18D}
	EndGlobalSection
	GlobalSection(ExtensibilityGlobals) = postSolution
		SolutionGuid = {E52B0DB2-3DBA-4AB1-80E5-102C58DFD0CB}
	EndGlobalSection
EndGlobal
